
Microsoft Visual Studio Solution File, Format Version 12.00
# Visual Studio Version 16
VisualStudioVersion = 16.0.31729.503
MinimumVisualStudioVersion = 10.0.40219.1
Project("{2150E333-8FDC-42A3-9474-1A3956D46DE8}") = "Services", "Services", "{5D932627-5EEF-4B77-9823-CA12CCC6907D}"
EndProject
Project("{2150E333-8FDC-42A3-9474-1A3956D46DE8}") = "Company", "Company", "{76C35A3E-5DA6-4A4E-A419-97740A401748}"
EndProject
Project("{9A19103F-16F7-4668-BE54-9A1E7A4F7556}") = "Company.API", "Services\Company\Company.API\Company.API.csproj", "{8432B512-841B-42B3-AA78-D1DAB646C135}"
EndProject
Project("{E53339B2-1760-4266-BCC7-CA923CBCF16C}") = "docker-compose", "docker-compose.dcproj", "{A705B3B4-75D5-4E58-88F8-C32EFDCFDA01}"
EndProject
Project("{2150E333-8FDC-42A3-9474-1A3956D46DE8}") = "Stock", "Stock", "{C12A838B-3309-4BE9-968A-5C87ADDE0AFF}"
EndProject
Project("{9A19103F-16F7-4668-BE54-9A1E7A4F7556}") = "Stock.API", "Services\Stock\Stock.API\Stock.API.csproj", "{50DA8B55-0938-47E3-ADF2-8B48AA42FBDD}"
EndProject
Project("{9A19103F-16F7-4668-BE54-9A1E7A4F7556}") = "Stock.Domain", "Services\Stock\Stock.Domain\Stock.Domain.csproj", "{D5015016-9D20-4333-B958-9243868FD31C}"
EndProject
Project("{9A19103F-16F7-4668-BE54-9A1E7A4F7556}") = "Stock.Application", "Services\Stock\Stock.Application\Stock.Application.csproj", "{8DF5CE6E-DFBB-4D5D-865C-9EC00FC2E143}"
EndProject
Project("{9A19103F-16F7-4668-BE54-9A1E7A4F7556}") = "Stock.Infrastructure", "Services\Stock\Stock.Infrastructure\Stock.Infrastructure.csproj", "{5C533304-DE08-45E8-A7FC-B2E146E61050}"
EndProject
Project("{2150E333-8FDC-42A3-9474-1A3956D46DE8}") = "BuildingBlocks", "BuildingBlocks", "{95BFE89C-BC33-422F-B08E-DFF6C30F63FA}"
EndProject
Project("{FAE04EC0-301F-11D3-BF4B-00C04F79EFBC}") = "EventBus.Messages", "BuildingBlocks\EventBus.Messages\EventBus.Messages.csproj", "{855858BA-80E0-4164-A7D2-D8CBD9476AA0}"
EndProject
Global
	GlobalSection(SolutionConfigurationPlatforms) = preSolution
		Debug|Any CPU = Debug|Any CPU
		Release|Any CPU = Release|Any CPU
	EndGlobalSection
	GlobalSection(ProjectConfigurationPlatforms) = postSolution
		{8432B512-841B-42B3-AA78-D1DAB646C135}.Debug|Any CPU.ActiveCfg = Debug|Any CPU
		{8432B512-841B-42B3-AA78-D1DAB646C135}.Debug|Any CPU.Build.0 = Debug|Any CPU
		{8432B512-841B-42B3-AA78-D1DAB646C135}.Release|Any CPU.ActiveCfg = Release|Any CPU
		{8432B512-841B-42B3-AA78-D1DAB646C135}.Release|Any CPU.Build.0 = Release|Any CPU
		{A705B3B4-75D5-4E58-88F8-C32EFDCFDA01}.Debug|Any CPU.ActiveCfg = Debug|Any CPU
		{A705B3B4-75D5-4E58-88F8-C32EFDCFDA01}.Debug|Any CPU.Build.0 = Debug|Any CPU
		{A705B3B4-75D5-4E58-88F8-C32EFDCFDA01}.Release|Any CPU.ActiveCfg = Release|Any CPU
		{A705B3B4-75D5-4E58-88F8-C32EFDCFDA01}.Release|Any CPU.Build.0 = Release|Any CPU
		{50DA8B55-0938-47E3-ADF2-8B48AA42FBDD}.Debug|Any CPU.ActiveCfg = Debug|Any CPU
		{50DA8B55-0938-47E3-ADF2-8B48AA42FBDD}.Debug|Any CPU.Build.0 = Debug|Any CPU
		{50DA8B55-0938-47E3-ADF2-8B48AA42FBDD}.Release|Any CPU.ActiveCfg = Release|Any CPU
		{50DA8B55-0938-47E3-ADF2-8B48AA42FBDD}.Release|Any CPU.Build.0 = Release|Any CPU
		{D5015016-9D20-4333-B958-9243868FD31C}.Debug|Any CPU.ActiveCfg = Debug|Any CPU
		{D5015016-9D20-4333-B958-9243868FD31C}.Debug|Any CPU.Build.0 = Debug|Any CPU
		{D5015016-9D20-4333-B958-9243868FD31C}.Release|Any CPU.ActiveCfg = Release|Any CPU
		{D5015016-9D20-4333-B958-9243868FD31C}.Release|Any CPU.Build.0 = Release|Any CPU
		{8DF5CE6E-DFBB-4D5D-865C-9EC00FC2E143}.Debug|Any CPU.ActiveCfg = Debug|Any CPU
		{8DF5CE6E-DFBB-4D5D-865C-9EC00FC2E143}.Debug|Any CPU.Build.0 = Debug|Any CPU
		{8DF5CE6E-DFBB-4D5D-865C-9EC00FC2E143}.Release|Any CPU.ActiveCfg = Release|Any CPU
		{8DF5CE6E-DFBB-4D5D-865C-9EC00FC2E143}.Release|Any CPU.Build.0 = Release|Any CPU
		{5C533304-DE08-45E8-A7FC-B2E146E61050}.Debug|Any CPU.ActiveCfg = Debug|Any CPU
		{5C533304-DE08-45E8-A7FC-B2E146E61050}.Debug|Any CPU.Build.0 = Debug|Any CPU
		{5C533304-DE08-45E8-A7FC-B2E146E61050}.Release|Any CPU.ActiveCfg = Release|Any CPU
		{5C533304-DE08-45E8-A7FC-B2E146E61050}.Release|Any CPU.Build.0 = Release|Any CPU
		{855858BA-80E0-4164-A7D2-D8CBD9476AA0}.Debug|Any CPU.ActiveCfg = Debug|Any CPU
		{855858BA-80E0-4164-A7D2-D8CBD9476AA0}.Debug|Any CPU.Build.0 = Debug|Any CPU
		{855858BA-80E0-4164-A7D2-D8CBD9476AA0}.Release|Any CPU.ActiveCfg = Release|Any CPU
		{855858BA-80E0-4164-A7D2-D8CBD9476AA0}.Release|Any CPU.Build.0 = Release|Any CPU
	EndGlobalSection
	GlobalSection(SolutionProperties) = preSolution
		HideSolutionNode = FALSE
	EndGlobalSection
	GlobalSection(NestedProjects) = preSolution
		{76C35A3E-5DA6-4A4E-A419-97740A401748} = {5D932627-5EEF-4B77-9823-CA12CCC6907D}
		{8432B512-841B-42B3-AA78-D1DAB646C135} = {76C35A3E-5DA6-4A4E-A419-97740A401748}
		{C12A838B-3309-4BE9-968A-5C87ADDE0AFF} = {5D932627-5EEF-4B77-9823-CA12CCC6907D}
		{50DA8B55-0938-47E3-ADF2-8B48AA42FBDD} = {C12A838B-3309-4BE9-968A-5C87ADDE0AFF}
		{D5015016-9D20-4333-B958-9243868FD31C} = {C12A838B-3309-4BE9-968A-5C87ADDE0AFF}
		{8DF5CE6E-DFBB-4D5D-865C-9EC00FC2E143} = {C12A838B-3309-4BE9-968A-5C87ADDE0AFF}
		{5C533304-DE08-45E8-A7FC-B2E146E61050} = {C12A838B-3309-4BE9-968A-5C87ADDE0AFF}
		{855858BA-80E0-4164-A7D2-D8CBD9476AA0} = {95BFE89C-BC33-422F-B08E-DFF6C30F63FA}
	EndGlobalSection
	GlobalSection(ExtensibilityGlobals) = postSolution
		SolutionGuid = {3AC24789-D764-4AB2-9F42-73BC090F6FD1}
	EndGlobalSection
EndGlobal
